{
  "name": "ArbitragesBot",
  "version": "0.0.1",
  "lockfileVersion": 1,
  "requires": true,
  "dependencies": {
    "ccxt": {
      "version": "1.19.4",
      "resolved": "https://registry.npmjs.org/ccxt/-/ccxt-1.19.4.tgz",
      "integrity": "sha512-+sWhZr8OTMqby1NXf32QgrUNri+d2jgoAQDIjUsZkuf2zGiLQ246cX4uejPs90MihYY8wn4w6LRpnV+L5sZd8Q=="
    }
  }
}
