{
  "name": "arbitragesbot",
  "version": "0.0.1",
  "lockfileVersion": 1,
  "requires": true,
  "dependencies": {
    "async": {
      "version": "3.1.0",
      "resolved": "https://registry.npmjs.org/async/-/async-3.1.0.tgz",
      "integrity": "sha512-4vx/aaY6j/j3Lw3fbCHNWP0pPaTCew3F6F3hYyl/tHs/ndmV1q7NW9T5yuJ2XAGwdQrP+6Wu20x06U4APo/iQQ=="
    },
    "ccxt": {
      "version": "1.19.4",
      "resolved": "https://registry.npmjs.org/ccxt/-/ccxt-1.19.4.tgz",
      "integrity": "sha512-+sWhZr8OTMqby1NXf32QgrUNri+d2jgoAQDIjUsZkuf2zGiLQ246cX4uejPs90MihYY8wn4w6LRpnV+L5sZd8Q=="
    }
  }
}
